# THIS IS AN AUTOGENERATED FILE. DO NOT EDIT THIS FILE DIRECTLY.
# yarn lockfile v1


"@babel/runtime@^7.18.6":
  version "7.18.6"
  resolved "https://registry.npmjs.org/@babel/runtime/-/runtime-7.18.6.tgz#6a1ef59f838debd670421f8c7f2cbb8da9751580"
  integrity sha512-t9wi7/AW6XtKahAe20Yw0/mMljKq0B1r2fPdvaAdV/KPDZewFXdaaa6K7lxmZBZ8FBNpCiAT6iHPmd6QO9bKfQ==
  dependencies:
    regenerator-runtime "^0.13.4"

"@noble/hashes@1.1.2":
  version "1.1.2"
  resolved "https://registry.npmjs.org/@noble/hashes/-/hashes-1.1.2.tgz#e9e035b9b166ca0af657a7848eb2718f0f22f183"
  integrity sha512-KYRCASVTv6aeUi1tsF8/vpyR7zpfs3FUzy2Jqm+MU+LmUKhQ0y2FpfwqkCcxSg2ua4GALJd8k2R76WxwZGbQpA==

"@noble/secp256k1@1.6.0":
  version "1.6.0"
  resolved "https://registry.npmjs.org/@noble/secp256k1/-/secp256k1-1.6.0.tgz#602afbbfcfb7e169210469b697365ef740d7e930"
  integrity sha512-DWSsg8zMHOYMYBqIQi96BQuthZrp98LCeMNcUOaffCIVYQ5yxDbNikLF+H7jEnmNNmXbtVic46iCuVWzar+MgA==

"@osn/scan-common@0.0.17":
  version "0.0.17"
  resolved "https://registry.npmjs.org/@osn/scan-common/-/scan-common-0.0.17.tgz#eccf59e22ba7ab1faabc5890864f21adaec2713d"
  integrity sha512-m70VZYHBebv2G6GJGgynWFccCaP7CoQZOpo++5RNPU7IDIRYqmCQhY7HNCYdNusVhVEjmY08mb9z7p0I06+S6Q==
  dependencies:
    "@polkadot/api" "8.11.1"
    "@polkadot/api-derive" "8.11.1"
    "@polkadot/types" "8.11.1"
    "@polkadot/util" "9.7.1"
    "@polkadot/util-crypto" "9.7.1"
    bignumber.js "^9.0.2"
    lodash.findlast "^4.6.0"
    lodash.last "^3.0.0"
    lodash.omit "^4.5.0"
    log4js "^6.5.1"
    mongodb "^4.6.0"

"@polkadot/api-augment@8.11.1":
  version "8.11.1"
  resolved "https://registry.npmjs.org/@polkadot/api-augment/-/api-augment-8.11.1.tgz#51490113de44776c35594dee0f121d541bb8c383"
  integrity sha512-g6Cd60VkfIDsY76KOJW+dGcRZmCnaC5ox0YfvAMxqJ6/wHhsCOxlrQXY5Oi7eU23CaU6TQ3mCrTJxVgJRI159w==
  dependencies:
    "@babel/runtime" "^7.18.6"
    "@polkadot/api-base" "8.11.1"
    "@polkadot/rpc-augment" "8.11.1"
    "@polkadot/types" "8.11.1"
    "@polkadot/types-augment" "8.11.1"
    "@polkadot/types-codec" "8.11.1"
    "@polkadot/util" "^9.7.1"

"@polkadot/api-base@8.11.1":
  version "8.11.1"
  resolved "https://registry.npmjs.org/@polkadot/api-base/-/api-base-8.11.1.tgz#0befb9b4c31b5e651b9588d0ba5bf7db8d7903b7"
  integrity sha512-KK1ohQ42znEVRyPSGGtzUomcW9AgyjxkBVJr/NerG52U5TFoGPjB0er9PEBWseGGpL0eznpB6gEWe/zSPK8MWw==
  dependencies:
    "@babel/runtime" "^7.18.6"
    "@polkadot/rpc-core" "8.11.1"
    "@polkadot/types" "8.11.1"
    "@polkadot/util" "^9.7.1"
    rxjs "^7.5.5"

"@polkadot/api-derive@8.11.1":
  version "8.11.1"
  resolved "https://registry.npmjs.org/@polkadot/api-derive/-/api-derive-8.11.1.tgz#0aafc0d3bb05c75939bf3b70c7b5e564c70a2da7"
  integrity sha512-XQ+g+m7cSjT7y9BiBn7vG0gueWrwQPbzLYjQCzxU9C+EqTv3UJrVKB5N04iZPzezUIHL94S3VEaeWyqOXpddjw==
  dependencies:
    "@babel/runtime" "^7.18.6"
    "@polkadot/api" "8.11.1"
    "@polkadot/api-augment" "8.11.1"
    "@polkadot/api-base" "8.11.1"
    "@polkadot/rpc-core" "8.11.1"
    "@polkadot/types" "8.11.1"
    "@polkadot/types-codec" "8.11.1"
    "@polkadot/util" "^9.7.1"
    "@polkadot/util-crypto" "^9.7.1"
    rxjs "^7.5.5"

"@polkadot/api@8.11.1":
  version "8.11.1"
  resolved "https://registry.npmjs.org/@polkadot/api/-/api-8.11.1.tgz#baa0c2c4ffe5ef9b436b75a1675369a95d02d08e"
  integrity sha512-jNZoLyvwMU/22CWt1WjU2LS4OJ4DPwuRmb1l1L5pqPSWRvtPX/6Vf64kfRvqPieRiM0fNFEE+6Ssx9qmf5vAKQ==
  dependencies:
    "@babel/runtime" "^7.18.6"
    "@polkadot/api-augment" "8.11.1"
    "@polkadot/api-base" "8.11.1"
    "@polkadot/api-derive" "8.11.1"
    "@polkadot/keyring" "^9.7.1"
    "@polkadot/rpc-augment" "8.11.1"
    "@polkadot/rpc-core" "8.11.1"
    "@polkadot/rpc-provider" "8.11.1"
    "@polkadot/types" "8.11.1"
    "@polkadot/types-augment" "8.11.1"
    "@polkadot/types-codec" "8.11.1"
    "@polkadot/types-create" "8.11.1"
    "@polkadot/types-known" "8.11.1"
    "@polkadot/util" "^9.7.1"
    "@polkadot/util-crypto" "^9.7.1"
    eventemitter3 "^4.0.7"
    rxjs "^7.5.5"

"@polkadot/keyring@^9.7.1":
  version "9.7.1"
  resolved "https://registry.npmjs.org/@polkadot/keyring/-/keyring-9.7.1.tgz#2b3c0fbcf53008627f1c5144a598207068fe1807"
  integrity sha512-INTTaEZz/bco6LwCq4rHFT84QtFod1kAWtI6eHa9Hh6gwJt35s7xYh1x1gYLentvUcRBUecL/OikVFJGLTN4Uw==
  dependencies:
    "@babel/runtime" "^7.18.6"
    "@polkadot/util" "9.7.1"
    "@polkadot/util-crypto" "9.7.1"

"@polkadot/networks@9.7.1", "@polkadot/networks@^9.7.1":
  version "9.7.1"
  resolved "https://registry.npmjs.org/@polkadot/networks/-/networks-9.7.1.tgz#fadd6e589c220d341dbd4ad6321ce074fa30f2d7"
  integrity sha512-Vnks07JRyso8h3nFUQwfdf+UZFeQDXr41DdVCKsU5ojhbXwZkbaB00L58lF9QQMCey+8eGBThvz2Awnqhm0m6w==
  dependencies:
    "@babel/runtime" "^7.18.6"
    "@polkadot/util" "9.7.1"
    "@substrate/ss58-registry" "^1.23.0"

"@polkadot/rpc-augment@8.11.1":
  version "8.11.1"
  resolved "https://registry.npmjs.org/@polkadot/rpc-augment/-/rpc-augment-8.11.1.tgz#086591fb0cb8178cf023c726a0b11358ed095a22"
  integrity sha512-6yQvLCb6YNdeHM2zdyucbcHdw4X12jSu0DFj53ftRfHk6n9VBesfLHy7EFW8Y2uLcIwbm6b2hJ8G36zynSSUGg==
  dependencies:
    "@babel/runtime" "^7.18.6"
    "@polkadot/rpc-core" "8.11.1"
    "@polkadot/types" "8.11.1"
    "@polkadot/types-codec" "8.11.1"
    "@polkadot/util" "^9.7.1"

"@polkadot/rpc-core@8.11.1":
  version "8.11.1"
  resolved "https://registry.npmjs.org/@polkadot/rpc-core/-/rpc-core-8.11.1.tgz#a8c18785bff97b73a8738ef783b80afc44996bf8"
  integrity sha512-9UVDxMx5gU0rgi9YrQL5QVxKsPtHo/u/B24LqS5qKlAr3e6G9XpWhByM1T97Z320Lj4TCKOurvG1PwuvMdvZCQ==
  dependencies:
    "@babel/runtime" "^7.18.6"
    "@polkadot/rpc-augment" "8.11.1"
    "@polkadot/rpc-provider" "8.11.1"
    "@polkadot/types" "8.11.1"
    "@polkadot/util" "^9.7.1"
    rxjs "^7.5.5"

"@polkadot/rpc-provider@8.11.1":
  version "8.11.1"
  resolved "https://registry.npmjs.org/@polkadot/rpc-provider/-/rpc-provider-8.11.1.tgz#cd3e50b63e6b2f2c31c3f6a6b812f8bad2807c52"
  integrity sha512-XDKeNknyMH3HAOfXX/KOe1FKLTeQSa32lbvXtxVS2B1rTzwYJmay/A0ECzKyiZSlr6nFOVOe3WhSXkISOBsq7Q==
  dependencies:
    "@babel/runtime" "^7.18.6"
    "@polkadot/keyring" "^9.7.1"
    "@polkadot/types" "8.11.1"
    "@polkadot/types-support" "8.11.1"
    "@polkadot/util" "^9.7.1"
    "@polkadot/util-crypto" "^9.7.1"
    "@polkadot/x-fetch" "^9.7.1"
    "@polkadot/x-global" "^9.7.1"
    "@polkadot/x-ws" "^9.7.1"
    "@substrate/connect" "0.7.7"
    eventemitter3 "^4.0.7"
    mock-socket "^9.1.5"
    nock "^13.2.8"

"@polkadot/types-augment@8.11.1":
  version "8.11.1"
  resolved "https://registry.npmjs.org/@polkadot/types-augment/-/types-augment-8.11.1.tgz#0c54e6f494f8f6bea630666de9636b5a87352dd8"
  integrity sha512-p2SUjNaHNm6sbEH3iw4GHiMK1xpZV5m4foA4ZPDfLHAs9UBk1bHG+9CR2WtxuIpKBaqKs3/vXkxYcFVrQREo1g==
  dependencies:
    "@babel/runtime" "^7.18.6"
    "@polkadot/types" "8.11.1"
    "@polkadot/types-codec" "8.11.1"
    "@polkadot/util" "^9.7.1"

"@polkadot/types-codec@8.11.1":
  version "8.11.1"
  resolved "https://registry.npmjs.org/@polkadot/types-codec/-/types-codec-8.11.1.tgz#057de060b4c4ab6608425a40a35c4dc4ec01a74c"
  integrity sha512-Re+lKZGYKBkOkoUSnrEYq3Z07Op2FdWmf5JN6B7EyIILqKVZqaikBTA/PxciLNoMBV2ysGWncigMsW0P6ZVV6w==
  dependencies:
    "@babel/runtime" "^7.18.6"
    "@polkadot/util" "^9.7.1"
    "@polkadot/x-bigint" "^9.7.1"

"@polkadot/types-create@8.11.1":
  version "8.11.1"
  resolved "https://registry.npmjs.org/@polkadot/types-create/-/types-create-8.11.1.tgz#19660944e9295ab2b8a791afeb7d1bb1d9fecb3b"
  integrity sha512-e2qVepQvsk6g8nAGRECNuzOlJLQjvaNgq6DWi9IaV+3OrR0e8tRixPFaU5M9A+5sr2tAokC8eos6r5Lmi+WiqA==
  dependencies:
    "@babel/runtime" "^7.18.6"
    "@polkadot/types-codec" "8.11.1"
    "@polkadot/util" "^9.7.1"

"@polkadot/types-known@8.11.1":
  version "8.11.1"
  resolved "https://registry.npmjs.org/@polkadot/types-known/-/types-known-8.11.1.tgz#742c11bf3161558f9742d8312fc82718a3ce0677"
  integrity sha512-bH7U5dK/EV/iOuy8KsfiQkFaXnIQwu5fSetPLm9ry35BZSKZH1D58249dzR0NYFqERvI2cReX4iH8kEtl8XFjw==
  dependencies:
    "@babel/runtime" "^7.18.6"
    "@polkadot/networks" "^9.7.1"
    "@polkadot/types" "8.11.1"
    "@polkadot/types-codec" "8.11.1"
    "@polkadot/types-create" "8.11.1"
    "@polkadot/util" "^9.7.1"

"@polkadot/types-support@8.11.1":
  version "8.11.1"
  resolved "https://registry.npmjs.org/@polkadot/types-support/-/types-support-8.11.1.tgz#7f7415c494ed120cfeba05591ca9885ed87738a8"
  integrity sha512-ehWEZVm9/8/XGB3YlciDCIBBLuPYL1/7mxjdR6n9oY629XFgNfqyVOuyKuTCca9CpOmJWuLDZIUR8/VG+XhsBw==
  dependencies:
    "@babel/runtime" "^7.18.6"
    "@polkadot/util" "^9.7.1"

"@polkadot/types@8.11.1":
  version "8.11.1"
  resolved "https://registry.npmjs.org/@polkadot/types/-/types-8.11.1.tgz#4ea3def1f4e56e9392d0336f398f9665f589d71d"
  integrity sha512-E64UYDRRGFuMy0AfTDd2RLwx/YMbQ8rwVR+LJvH+yQuUcl+GsTqRu7cNpFulUew0sh45efK/oeb4Bh0BNo6AlA==
  dependencies:
    "@babel/runtime" "^7.18.6"
    "@polkadot/keyring" "^9.7.1"
    "@polkadot/types-augment" "8.11.1"
    "@polkadot/types-codec" "8.11.1"
    "@polkadot/types-create" "8.11.1"
    "@polkadot/util" "^9.7.1"
    "@polkadot/util-crypto" "^9.7.1"
    rxjs "^7.5.5"

"@polkadot/util-crypto@9.7.1", "@polkadot/util-crypto@^9.7.1":
  version "9.7.1"
  resolved "https://registry.npmjs.org/@polkadot/util-crypto/-/util-crypto-9.7.1.tgz#f212fcdbdb26e57c278587a4bbf42f0a5f5c24d5"
  integrity sha512-NPy/EcgGdpz2NXEHU5x3e4bea67snT2TSxx1ok9weSpwCMnhIkk45QQOMOGzJ0hrAXAdofmkFYz3ibEd7bNzIQ==
  dependencies:
    "@babel/runtime" "^7.18.6"
    "@noble/hashes" "1.1.2"
    "@noble/secp256k1" "1.6.0"
    "@polkadot/networks" "9.7.1"
    "@polkadot/util" "9.7.1"
    "@polkadot/wasm-crypto" "^6.2.1"
    "@polkadot/x-bigint" "9.7.1"
    "@polkadot/x-randomvalues" "9.7.1"
    "@scure/base" "1.1.1"
    ed2curve "^0.3.0"
    tweetnacl "^1.0.3"

"@polkadot/util@9.7.1", "@polkadot/util@^9.7.1":
  version "9.7.1"
  resolved "https://registry.npmjs.org/@polkadot/util/-/util-9.7.1.tgz#c0bdfed73f03f39f26c3c1d76c12aaf4d11631ad"
  integrity sha512-NWKcwBWneMBSFUkYN4eWeS159880Xmt69s+WhEPgyw6Bbj0jumKiS5AhL/uU2PC1nUBcisiYr18/1e4lWxOPQg==
  dependencies:
    "@babel/runtime" "^7.18.6"
    "@polkadot/x-bigint" "9.7.1"
    "@polkadot/x-global" "9.7.1"
    "@polkadot/x-textdecoder" "9.7.1"
    "@polkadot/x-textencoder" "9.7.1"
    "@types/bn.js" "^5.1.0"
    bn.js "^5.2.1"
    ip-regex "^4.3.0"

"@polkadot/wasm-bridge@6.2.1":
  version "6.2.1"
  resolved "https://registry.npmjs.org/@polkadot/wasm-bridge/-/wasm-bridge-6.2.1.tgz#1ce6efac3e7799d3484b628fa162866327c40bc8"
  integrity sha512-Q/TWfKPBDdAHTPgzjn5uxivxqZsTt6Fml+o/K6GuGmYqT4wbkWBN5+BVFawgcJqjnhzvJ8+Pocfzb/IwqYfsPQ==
  dependencies:
    "@babel/runtime" "^7.18.6"

"@polkadot/wasm-crypto-asmjs@6.2.1":
  version "6.2.1"
  resolved "https://registry.npmjs.org/@polkadot/wasm-crypto-asmjs/-/wasm-crypto-asmjs-6.2.1.tgz#cd186e8fc2d8f85e88c482b666af8c374f8d2fa3"
  integrity sha512-YCCe0fPO/TDd+PGrQfQc4KPuZFKdtYYy6prJW+mM4oNm6VCrlUNFGEpu/mNUIGleihVKaSC8cA0eQfj7oUa4GA==
  dependencies:
    "@babel/runtime" "^7.18.6"

"@polkadot/wasm-crypto-init@6.2.1":
  version "6.2.1"
  resolved "https://registry.npmjs.org/@polkadot/wasm-crypto-init/-/wasm-crypto-init-6.2.1.tgz#aca9ead354ab3cc21a1f377c7faddc832e222d22"
  integrity sha512-hVgd2HU3gWzx1yf+6nsCJ2oSQaNCPcTZfbGBT+QPM9osXQidf1vIVTp2w+Q6LB1pgIzrEh87LFF3CGo4RrdtAQ==
  dependencies:
    "@babel/runtime" "^7.18.6"
    "@polkadot/wasm-bridge" "6.2.1"
    "@polkadot/wasm-crypto-asmjs" "6.2.1"
    "@polkadot/wasm-crypto-wasm" "6.2.1"

"@polkadot/wasm-crypto-wasm@6.2.1":
  version "6.2.1"
  resolved "https://registry.npmjs.org/@polkadot/wasm-crypto-wasm/-/wasm-crypto-wasm-6.2.1.tgz#8e9389e70504ae168e4ef766578d19f6c81c3f5c"
  integrity sha512-hIKjPyvPb5msLZTFJZTM+/QI94UnCBXhZHfrbUI7ooBsll3vo9+Vm4va4g7AxH2BIeGp8EZEn0hVNdtnVC2Puw==
  dependencies:
    "@babel/runtime" "^7.18.6"
    "@polkadot/wasm-util" "6.2.1"

"@polkadot/wasm-crypto@^6.2.1":
  version "6.2.1"
  resolved "https://registry.npmjs.org/@polkadot/wasm-crypto/-/wasm-crypto-6.2.1.tgz#df50200bcaa8ee2a5cf216cc7d4e463385689ac4"
  integrity sha512-euUsn/HYC4/2wrSBZrcKn4Hg59r8YrINrh2L/I6ID9SjzHFRlEeStRarnRvlkZS6ihnVQZbRtNrJKvgceik0uQ==
  dependencies:
    "@babel/runtime" "^7.18.6"
    "@polkadot/wasm-bridge" "6.2.1"
    "@polkadot/wasm-crypto-asmjs" "6.2.1"
    "@polkadot/wasm-crypto-init" "6.2.1"
    "@polkadot/wasm-crypto-wasm" "6.2.1"
    "@polkadot/wasm-util" "6.2.1"

"@polkadot/wasm-util@6.2.1":
  version "6.2.1"
  resolved "https://registry.npmjs.org/@polkadot/wasm-util/-/wasm-util-6.2.1.tgz#926d910eb8b09162880f8924452278c94f72c97b"
  integrity sha512-4CYCB0ewC+IX74AOSwmmq05ki+TM9PZl+AZ96GjyFpLbjK8Pk9N72U9GSs6aamgL/uMRqct5EeA0ToUTPFQarw==
  dependencies:
    "@babel/runtime" "^7.18.6"

"@polkadot/x-bigint@9.7.1", "@polkadot/x-bigint@^9.7.1":
  version "9.7.1"
  resolved "https://registry.npmjs.org/@polkadot/x-bigint/-/x-bigint-9.7.1.tgz#f7540aecc6add686b7790f2d80d0f5d7eb7c14ea"
  integrity sha512-srgRaGnhtMki58Js0LK6di842T/0tM/NahcYWe48D7/sgtGJDD81iuHJ9LSGdAzOQaVUh0yiYgE9/mscxz82cw==
  dependencies:
    "@babel/runtime" "^7.18.6"
    "@polkadot/x-global" "9.7.1"

"@polkadot/x-fetch@^9.7.1":
  version "9.7.1"
  resolved "https://registry.npmjs.org/@polkadot/x-fetch/-/x-fetch-9.7.1.tgz#b5998a4e196c56c1ee1999f9c878850848e88660"
  integrity sha512-A9arlH0n8QZ7aU15gsw4DA89oGcwJVwdYxeH0mElXNa82NpWdJVSoIyU7sHO0GGyJQDLMGkyD1CD0H7lUmLCew==
  dependencies:
    "@babel/runtime" "^7.18.6"
    "@polkadot/x-global" "9.7.1"
    "@types/node-fetch" "^2.6.2"
    node-fetch "^2.6.7"

"@polkadot/x-global@9.7.1", "@polkadot/x-global@^9.7.1":
  version "9.7.1"
  resolved "https://registry.npmjs.org/@polkadot/x-global/-/x-global-9.7.1.tgz#e7ae746fb9916214cd869e1db54d5571a3e936bb"
  integrity sha512-hadWnVKrSbUg5dKXREVbLNJhsA1n5lKtsDgdeyu7b73oI+aRFuv+no5l7Z57F1vQWjTvCnHRj0Fg7l0ZWmV4Jg==
  dependencies:
    "@babel/runtime" "^7.18.6"

"@polkadot/x-randomvalues@9.7.1":
  version "9.7.1"
  resolved "https://registry.npmjs.org/@polkadot/x-randomvalues/-/x-randomvalues-9.7.1.tgz#54b4e8e0752b8dc8622692494e9031494fdc0d5e"
  integrity sha512-RLVLg2GthcIvUXSxPYCc0fPIMdp/FlEeNaDzncqQ63P5mQ3HpWfVHzaKi5rPuA+oQuPjUAAi2QvDmPuPN3SXlQ==
  dependencies:
    "@babel/runtime" "^7.18.6"
    "@polkadot/x-global" "9.7.1"

"@polkadot/x-textdecoder@9.7.1":
  version "9.7.1"
  resolved "https://registry.npmjs.org/@polkadot/x-textdecoder/-/x-textdecoder-9.7.1.tgz#107c5b6b6107b71a53d610f5f7a2e2e79c9d48bc"
  integrity sha512-g+OfP9t8ar9IJseQXaZ3cw9Ws2o0csY5rPXqd7GWtCMuEmllssRyje49GjLhNEVEsy97x5vXB2UJLNUxnNqiCw==
  dependencies:
    "@babel/runtime" "^7.18.6"
    "@polkadot/x-global" "9.7.1"

"@polkadot/x-textencoder@9.7.1":
  version "9.7.1"
  resolved "https://registry.npmjs.org/@polkadot/x-textencoder/-/x-textencoder-9.7.1.tgz#9e0b396b2a57f07e0aad873df6727248eb91413d"
  integrity sha512-IMRCsHmPfnqPpO1XtWH+aPDeG6POoAFDLVG7gkPaEZd2rwWI7sJAB+8jeqoQH5ENBTKyMqTbPM02UDhH4eTXHg==
  dependencies:
    "@babel/runtime" "^7.18.6"
    "@polkadot/x-global" "9.7.1"

"@polkadot/x-ws@^9.7.1":
  version "9.7.1"
  resolved "https://registry.npmjs.org/@polkadot/x-ws/-/x-ws-9.7.1.tgz#914b458e79484316fa8dbc7e4611b4d898f24090"
  integrity sha512-ZxlEGkfNzC1BXEXFu7xrT0tZAnMqU+ahZaeQAJ7omT9H12djPAVuL3X/L/YYTuyFTB1mpYrJb5dpmMnutSQ0bQ==
  dependencies:
    "@babel/runtime" "^7.18.6"
    "@polkadot/x-global" "9.7.1"
    "@types/websocket" "^1.0.5"
    websocket "^1.0.34"

"@scure/base@1.1.1":
  version "1.1.1"
  resolved "https://registry.npmjs.org/@scure/base/-/base-1.1.1.tgz#ebb651ee52ff84f420097055f4bf46cfba403938"
  integrity sha512-ZxOhsSyxYwLJj3pLZCefNitxsj093tb2vq90mp2txoYeBqbcjDjqFhyM8eUjq/uFm6zJ+mUuqxlS2FkuSY1MTA==

"@substrate/connect-extension-protocol@^1.0.0":
  version "1.0.0"
  resolved "https://registry.npmjs.org/@substrate/connect-extension-protocol/-/connect-extension-protocol-1.0.0.tgz#d452beda84b3ebfcf0e88592a4695e729a91e858"
  integrity sha512-nFVuKdp71hMd/MGlllAOh+a2hAqt8m6J2G0aSsS/RcALZexxF9jodbFc62ni8RDtJboeOfXAHhenYOANvJKPIg==

"@substrate/connect@0.7.7":
  version "0.7.7"
  resolved "https://registry.npmjs.org/@substrate/connect/-/connect-0.7.7.tgz#6d162fcec2f5cfb78c137a82dbb35692655fbe2c"
  integrity sha512-uFRF06lC42ZZixxwkzRB61K1uYvR1cTZ7rI98RW7T+eWbCFrafyVk0pk6J+4oN05gZkhou+VK3hrRCU6Doy2xQ==
  dependencies:
    "@substrate/connect-extension-protocol" "^1.0.0"
    "@substrate/smoldot-light" "0.6.19"
    eventemitter3 "^4.0.7"

"@substrate/smoldot-light@0.6.19":
  version "0.6.19"
  resolved "https://registry.npmjs.org/@substrate/smoldot-light/-/smoldot-light-0.6.19.tgz#13e897ca9839aecb0dac4ce079ff1cca1dc54cc0"
  integrity sha512-Xi+v1cdURhTwx7NH+9fa1U9m7VGP61GvB6qwev9HrZXlGbQiUIvySxPlH/LMsq3mwgiRYkokPhcaZEHufY7Urg==
  dependencies:
    buffer "^6.0.1"
    pako "^2.0.4"
    websocket "^1.0.32"

"@substrate/ss58-registry@^1.23.0":
  version "1.23.0"
  resolved "https://registry.npmjs.org/@substrate/ss58-registry/-/ss58-registry-1.23.0.tgz#6212bf871a882da98799f8dc51de0944d4152b88"
  integrity sha512-LuQje7n48GXSsp1aGI6UEmNVtlh7OzQ6CN1Hd9VGUrshADwMB0lRZ5bxnffmqDR4vVugI7h0NN0AONhIW1eHGg==

"@types/bn.js@^5.1.0":
  version "5.1.0"
  resolved "https://registry.npmjs.org/@types/bn.js/-/bn.js-5.1.0.tgz#32c5d271503a12653c62cf4d2b45e6eab8cebc68"
  integrity sha512-QSSVYj7pYFN49kW77o2s9xTCwZ8F2xLbjLLSEVh8D2F4JUhZtPAGOFLTD+ffqksBx/u4cE/KImFjyhqCjn/LIA==
  dependencies:
    "@types/node" "*"

"@types/node-fetch@^2.6.2":
  version "2.6.2"
  resolved "https://registry.npmjs.org/@types/node-fetch/-/node-fetch-2.6.2.tgz#d1a9c5fd049d9415dce61571557104dec3ec81da"
  integrity sha512-DHqhlq5jeESLy19TYhLakJ07kNumXWjcDdxXsLUMJZ6ue8VZJj4kLPQVE/2mdHh3xZziNF1xppu5lwmS53HR+A==
  dependencies:
    "@types/node" "*"
    form-data "^3.0.0"

"@types/node@*":
  version "18.0.0"
  resolved "https://registry.npmjs.org/@types/node/-/node-18.0.0.tgz#67c7b724e1bcdd7a8821ce0d5ee184d3b4dd525a"
  integrity sha512-cHlGmko4gWLVI27cGJntjs/Sj8th9aYwplmZFwmmgYQQvL5NUsgVJG7OddLvNfLqYS31KFN0s3qlaD9qCaxACA==

"@types/webidl-conversions@*":
  version "6.1.1"
  resolved "https://registry.npmjs.org/@types/webidl-conversions/-/webidl-conversions-6.1.1.tgz#e33bc8ea812a01f63f90481c666334844b12a09e"
  integrity sha512-XAahCdThVuCFDQLT7R7Pk/vqeObFNL3YqRyFZg+AqAP/W1/w3xHaIxuW7WszQqTbIBOPRcItYJIou3i/mppu3Q==

"@types/websocket@^1.0.5":
  version "1.0.5"
  resolved "https://registry.npmjs.org/@types/websocket/-/websocket-1.0.5.tgz#3fb80ed8e07f88e51961211cd3682a3a4a81569c"
  integrity sha512-NbsqiNX9CnEfC1Z0Vf4mE1SgAJ07JnRYcNex7AJ9zAVzmiGHmjKFEk7O4TJIsgv2B1sLEb6owKFZrACwdYngsQ==
  dependencies:
    "@types/node" "*"

"@types/whatwg-url@^8.2.1":
  version "8.2.2"
  resolved "https://registry.npmjs.org/@types/whatwg-url/-/whatwg-url-8.2.2.tgz#749d5b3873e845897ada99be4448041d4cc39e63"
  integrity sha512-FtQu10RWgn3D9U4aazdwIE2yzphmTJREDqNdODHrbrZmmMqI0vMheC/6NE/J1Yveaj8H+ela+YwWTjq5PGmuhA==
  dependencies:
    "@types/node" "*"
    "@types/webidl-conversions" "*"

asynckit@^0.4.0:
  version "0.4.0"
  resolved "https://registry.npmjs.org/asynckit/-/asynckit-0.4.0.tgz#c79ed97f7f34cb8f2ba1bc9790bcc366474b4b79"
  integrity sha512-Oei9OH4tRh0YqU3GxhX79dM/mwVgvbZJaSNaRk+bshkj0S5cfHcgYakreBjrHwatXKbz+IoIdYLxrKim2MjW0Q==

base64-js@^1.3.1:
  version "1.5.1"
  resolved "https://registry.npmjs.org/base64-js/-/base64-js-1.5.1.tgz#1b1b440160a5bf7ad40b650f095963481903930a"
  integrity sha512-AKpaYlHn8t4SVbOHCy+b5+KKgvR4vrsD8vbvrbiQJps7fKDTkjkDry6ji0rUJjC0kzbNePLwzxq8iypo41qeWA==

bignumber.js@^9.0.2:
  version "9.0.2"
  resolved "https://registry.npmjs.org/bignumber.js/-/bignumber.js-9.0.2.tgz#71c6c6bed38de64e24a65ebe16cfcf23ae693673"
  integrity sha512-GAcQvbpsM0pUb0zw1EI0KhQEZ+lRwR5fYaAp3vPOYuP7aDvGy6cVN6XHLauvF8SOga2y0dcLcjt3iQDTSEliyw==

bn.js@^5.2.1:
  version "5.2.1"
  resolved "https://registry.npmjs.org/bn.js/-/bn.js-5.2.1.tgz#0bc527a6a0d18d0aa8d5b0538ce4a77dccfa7b70"
  integrity sha512-eXRvHzWyYPBuB4NBy0cmYQjGitUrtqwbvlzP3G6VFnNRbsZQIxQ10PbKKHt8gZ/HW/D/747aDl+QkDqg3KQLMQ==

bson@^4.6.3:
  version "4.6.4"
  resolved "https://registry.npmjs.org/bson/-/bson-4.6.4.tgz#e66d4a334f1ab230dfcfb9ec4ea9091476dd372e"
  integrity sha512-TdQ3FzguAu5HKPPlr0kYQCyrYUYh8tFM+CMTpxjNzVzxeiJY00Rtuj3LXLHSgiGvmaWlZ8PE+4KyM2thqE38pQ==
  dependencies:
    buffer "^5.6.0"

buffer@^5.6.0:
  version "5.7.1"
  resolved "https://registry.npmjs.org/buffer/-/buffer-5.7.1.tgz#ba62e7c13133053582197160851a8f648e99eed0"
  integrity sha512-EHcyIPBQ4BSGlvjB16k5KgAJ27CIsHY/2JBmCRReo48y9rQ3MaUzWX3KVlBa4U7MyX02HdVj0K7C3WaB3ju7FQ==
  dependencies:
    base64-js "^1.3.1"
    ieee754 "^1.1.13"

buffer@^6.0.1:
  version "6.0.3"
  resolved "https://registry.npmjs.org/buffer/-/buffer-6.0.3.tgz#2ace578459cc8fbe2a70aaa8f52ee63b6a74c6c6"
  integrity sha512-FTiCpNxtwiZZHEZbcbTIcZjERVICn9yq/pDFkTl95/AxzD1naBctN7YO68riM/gLSDY7sdrMby8hofADYuuqOA==
  dependencies:
    base64-js "^1.3.1"
    ieee754 "^1.2.1"

bufferutil@^4.0.1:
  version "4.0.6"
  resolved "https://registry.npmjs.org/bufferutil/-/bufferutil-4.0.6.tgz#ebd6c67c7922a0e902f053e5d8be5ec850e48433"
  integrity sha512-jduaYOYtnio4aIAyc6UbvPCVcgq7nYpVnucyxr6eCYg/Woad9Hf/oxxBRDnGGjPfjUm6j5O/uBWhIu4iLebFaw==
  dependencies:
    node-gyp-build "^4.3.0"

combined-stream@^1.0.8:
  version "1.0.8"
  resolved "https://registry.npmjs.org/combined-stream/-/combined-stream-1.0.8.tgz#c3d45a8b34fd730631a110a8a2520682b31d5a7f"
  integrity sha512-FQN4MRfuJeHf7cBbBMJFXhKSDq+2kAArBlmRBvcvFE5BB1HZKXtSFASDhdlz9zOYwxh8lDdnvmMOe/+5cdoEdg==
  dependencies:
    delayed-stream "~1.0.0"

d@1, d@^1.0.1:
  version "1.0.1"
  resolved "https://registry.npmjs.org/d/-/d-1.0.1.tgz#8698095372d58dbee346ffd0c7093f99f8f9eb5a"
  integrity sha512-m62ShEObQ39CfralilEQRjH6oAMtNCV1xJyEx5LpRYUVN+EviphDgUc/F3hnYbADmkiNs67Y+3ylmlG7Lnu+FA==
  dependencies:
    es5-ext "^0.10.50"
    type "^1.0.1"

date-format@^4.0.10:
  version "4.0.11"
  resolved "https://registry.npmjs.org/date-format/-/date-format-4.0.11.tgz#ae0d1e069d7f0687938fd06f98c12f3a6276e526"
  integrity sha512-VS20KRyorrbMCQmpdl2hg5KaOUsda1RbnsJg461FfrcyCUg+pkd0b40BSW4niQyTheww4DBXQnS7HwSrKkipLw==

debug@^2.2.0:
  version "2.6.9"
  resolved "https://registry.npmjs.org/debug/-/debug-2.6.9.tgz#5d128515df134ff327e90a4c93f4e077a536341f"
  integrity sha512-bC7ElrdJaJnPbAP+1EotYvqZsb3ecl5wi6Bfi6BJTUcNowp6cvspg0jXznRTKDjm/E7AdgFBVeAPVMNcKGsHMA==
  dependencies:
    ms "2.0.0"

debug@^4.1.0, debug@^4.3.4:
  version "4.3.4"
  resolved "https://registry.npmjs.org/debug/-/debug-4.3.4.tgz#1319f6579357f2338d3337d2cdd4914bb5dcc865"
  integrity sha512-PRWFHuSU3eDtQJPvnNY7Jcket1j0t5OuOsFzPPzsekD52Zl8qUfFIPEiswXqIvHWGVHOgX+7G/vCNNhehwxfkQ==
  dependencies:
    ms "2.1.2"

delayed-stream@~1.0.0:
  version "1.0.0"
  resolved "https://registry.npmjs.org/delayed-stream/-/delayed-stream-1.0.0.tgz#df3ae199acadfb7d440aaae0b29e2272b24ec619"
  integrity sha512-ZySD7Nf91aLB0RxL4KGrKHBXl7Eds1DAmEdcoVawXnLD7SDhpNgtuII2aAkg7a7QS41jxPSZ17p4VdGnMHk3MQ==

denque@^2.0.1:
  version "2.0.1"
  resolved "https://registry.npmjs.org/denque/-/denque-2.0.1.tgz#bcef4c1b80dc32efe97515744f21a4229ab8934a"
  integrity sha512-tfiWc6BQLXNLpNiR5iGd0Ocu3P3VpxfzFiqubLgMfhfOw9WyvgJBd46CClNn9k3qfbjvT//0cf7AlYRX/OslMQ==

dotenv@^16.0.1:
  version "16.0.1"
  resolved "https://registry.npmjs.org/dotenv/-/dotenv-16.0.1.tgz#8f8f9d94876c35dac989876a5d3a82a267fdce1d"
  integrity sha512-1K6hR6wtk2FviQ4kEiSjFiH5rpzEVi8WW0x96aztHVMhEspNpc4DVOUTEHtEva5VThQ8IaBX1Pe4gSzpVVUsKQ==

ed2curve@^0.3.0:
  version "0.3.0"
  resolved "https://registry.npmjs.org/ed2curve/-/ed2curve-0.3.0.tgz#322b575152a45305429d546b071823a93129a05d"
  integrity sha512-8w2fmmq3hv9rCrcI7g9hms2pMunQr1JINfcjwR9tAyZqhtyaMN991lF/ZfHfr5tzZQ8c7y7aBgZbjfbd0fjFwQ==
  dependencies:
    tweetnacl "1.x.x"

es5-ext@^0.10.35, es5-ext@^0.10.50:
  version "0.10.61"
  resolved "https://registry.npmjs.org/es5-ext/-/es5-ext-0.10.61.tgz#311de37949ef86b6b0dcea894d1ffedb909d3269"
  integrity sha512-yFhIqQAzu2Ca2I4SE2Au3rxVfmohU9Y7wqGR+s7+H7krk26NXhIRAZDgqd6xqjCEFUomDEA3/Bo/7fKmIkW1kA==
  dependencies:
    es6-iterator "^2.0.3"
    es6-symbol "^3.1.3"
    next-tick "^1.1.0"

es6-iterator@^2.0.3:
  version "2.0.3"
  resolved "https://registry.npmjs.org/es6-iterator/-/es6-iterator-2.0.3.tgz#a7de889141a05a94b0854403b2d0a0fbfa98f3b7"
  integrity sha512-zw4SRzoUkd+cl+ZoE15A9o1oQd920Bb0iOJMQkQhl3jNc03YqVjAhG7scf9C5KWRU/R13Orf588uCC6525o02g==
  dependencies:
    d "1"
    es5-ext "^0.10.35"
    es6-symbol "^3.1.1"

es6-symbol@^3.1.1, es6-symbol@^3.1.3:
  version "3.1.3"
  resolved "https://registry.npmjs.org/es6-symbol/-/es6-symbol-3.1.3.tgz#bad5d3c1bcdac28269f4cb331e431c78ac705d18"
  integrity sha512-NJ6Yn3FuDinBaBRWl/q5X/s4koRHBrgKAu+yGI6JCBeiu3qrcbJhwT2GeR/EXVfylRk8dpQVJoLEFhK+Mu31NA==
  dependencies:
    d "^1.0.1"
    ext "^1.1.2"

eventemitter3@^4.0.7:
  version "4.0.7"
  resolved "https://registry.npmjs.org/eventemitter3/-/eventemitter3-4.0.7.tgz#2de9b68f6528d5644ef5c59526a1b4a07306169f"
  integrity sha512-8guHBZCwKnFhYdHr2ysuRWErTwhoN2X8XELRlrRwpmfeY2jjuUN4taQMsULKUVo1K4DvZl+0pgfyoysHxvmvEw==

ext@^1.1.2:
  version "1.6.0"
  resolved "https://registry.npmjs.org/ext/-/ext-1.6.0.tgz#3871d50641e874cc172e2b53f919842d19db4c52"
  integrity sha512-sdBImtzkq2HpkdRLtlLWDa6w4DX22ijZLKx8BMPUuKe1c5lbN6xwQDQCxSfxBQnHZ13ls/FH0MQZx/q/gr6FQg==
  dependencies:
    type "^2.5.0"

flatted@^3.2.5:
  version "3.2.6"
  resolved "https://registry.npmjs.org/flatted/-/flatted-3.2.6.tgz#022e9218c637f9f3fc9c35ab9c9193f05add60b2"
  integrity sha512-0sQoMh9s0BYsm+12Huy/rkKxVu4R1+r96YX5cG44rHV0pQ6iC3Q+mkoMFaGWObMFYQxCVT+ssG1ksneA2MI9KQ==

form-data@^3.0.0:
  version "3.0.1"
  resolved "https://registry.npmjs.org/form-data/-/form-data-3.0.1.tgz#ebd53791b78356a99af9a300d4282c4d5eb9755f"
  integrity sha512-RHkBKtLWUVwd7SqRIvCZMEvAMoGUp0XU+seQiZejj0COz3RI3hWP4sCv3gZWWLjJTd7rGwcsF5eKZGii0r/hbg==
  dependencies:
    asynckit "^0.4.0"
    combined-stream "^1.0.8"
    mime-types "^2.1.12"

fs-extra@^10.1.0:
  version "10.1.0"
  resolved "https://registry.npmjs.org/fs-extra/-/fs-extra-10.1.0.tgz#02873cfbc4084dde127eaa5f9905eef2325d1abf"
  integrity sha512-oRXApq54ETRj4eMiFzGnHWGy+zo5raudjuxN0b8H7s/RU2oW0Wvsx9O0ACRN/kRq9E8Vu/ReskGB5o3ji+FzHQ==
  dependencies:
    graceful-fs "^4.2.0"
    jsonfile "^6.0.1"
    universalify "^2.0.0"

graceful-fs@^4.1.6, graceful-fs@^4.2.0:
  version "4.2.10"
  resolved "https://registry.npmjs.org/graceful-fs/-/graceful-fs-4.2.10.tgz#147d3a006da4ca3ce14728c7aefc287c367d7a6c"
  integrity sha512-9ByhssR2fPVsNZj478qUUbKfmL0+t5BDVyjShtyZZLiK7ZDAArFFfopyOTj0M05wE2tJPisA4iTnnXl2YoPvOA==

ieee754@^1.1.13, ieee754@^1.2.1:
  version "1.2.1"
  resolved "https://registry.npmjs.org/ieee754/-/ieee754-1.2.1.tgz#8eb7a10a63fff25d15a57b001586d177d1b0d352"
  integrity sha512-dcyqhDvX1C46lXZcVqCpK+FtMRQVdIMN6/Df5js2zouUsqG7I6sFxitIC+7KYK29KdXOLHdu9zL4sFnoVQnqaA==

ip-regex@^4.3.0:
  version "4.3.0"
  resolved "https://registry.npmjs.org/ip-regex/-/ip-regex-4.3.0.tgz#687275ab0f57fa76978ff8f4dddc8a23d5990db5"
  integrity sha512-B9ZWJxHHOHUhUjCPrMpLD4xEq35bUTClHM1S6CBU5ixQnkZmwipwgc96vAd7AAGM9TGHvJR+Uss+/Ak6UphK+Q==

ip@^1.1.5:
  version "1.1.8"
  resolved "https://registry.npmjs.org/ip/-/ip-1.1.8.tgz#ae05948f6b075435ed3307acce04629da8cdbf48"
  integrity sha512-PuExPYUiu6qMBQb4l06ecm6T6ujzhmh+MeJcW9wa89PoAz5pvd4zPgN5WJV104mb6S2T1AwNIAaB70JNrLQWhg==

is-typedarray@^1.0.0:
  version "1.0.0"
  resolved "https://registry.npmjs.org/is-typedarray/-/is-typedarray-1.0.0.tgz#e479c80858df0c1b11ddda6940f96011fcda4a9a"
  integrity sha512-cyA56iCMHAh5CdzjJIa4aohJyeO1YbwLi3Jc35MmRU6poroFjIGZzUzupGiRPOjgHg9TLu43xbpwXk523fMxKA==

json-stringify-safe@^5.0.1:
  version "5.0.1"
  resolved "https://registry.npmjs.org/json-stringify-safe/-/json-stringify-safe-5.0.1.tgz#1296a2d58fd45f19a0f6ce01d65701e2c735b6eb"
  integrity sha512-ZClg6AaYvamvYEE82d3Iyd3vSSIjQ+odgjaTzRuO3s7toCdFKczob2i0zCh7JE8kWn17yvAWhUVxvqGwUalsRA==

jsonfile@^6.0.1:
  version "6.1.0"
  resolved "https://registry.npmjs.org/jsonfile/-/jsonfile-6.1.0.tgz#bc55b2634793c679ec6403094eb13698a6ec0aae"
  integrity sha512-5dgndWOriYSm5cnYaJNhalLNDKOqFwyDB/rr1E9ZsGciGvKPs8R2xYGCacuf3z6K1YKDz182fd+fY3cn3pMqXQ==
  dependencies:
    universalify "^2.0.0"
  optionalDependencies:
    graceful-fs "^4.1.6"

lodash.findlast@^4.6.0:
  version "4.6.0"
  resolved "https://registry.npmjs.org/lodash.findlast/-/lodash.findlast-4.6.0.tgz#ea8bb78cf2e7e7804fc8aeb7d1953e07fe31fbc8"
  integrity sha512-+OGwb1FVKjhc2aIEQ9vKqNDW1a0/HaCLr0iCIK10jfVif3dBE0nhQD0jOZNZLh7zOlmFUTrk+vt85eXoH4vKuA==

lodash.last@^3.0.0:
  version "3.0.0"
  resolved "https://registry.npmjs.org/lodash.last/-/lodash.last-3.0.0.tgz#242f663112dd4c6e63728c60a3c909d1bdadbd4c"
  integrity sha512-14mq7rSkCxG4XMy9lF2FbIOqqgF0aH0NfPuQ3LPR3vIh0kHnUvIYP70dqa1Hf47zyXfQ8FzAg0MYOQeSuE1R7A==

lodash.omit@^4.5.0:
  version "4.5.0"
  resolved "https://registry.npmjs.org/lodash.omit/-/lodash.omit-4.5.0.tgz#6eb19ae5a1ee1dd9df0b969e66ce0b7fa30b5e60"
  integrity sha512-XeqSp49hNGmlkj2EJlfrQFIzQ6lXdNro9sddtQzcJY8QaoC2GO0DT7xaIokHeyM+mIT0mPMlPvkYzg2xCuHdZg==

lodash@^4.17.21:
  version "4.17.21"
  resolved "https://registry.npmjs.org/lodash/-/lodash-4.17.21.tgz#679591c564c3bffaae8454cf0b3df370c3d6911c"
  integrity sha512-v2kDEe57lecTulaDIuNTPy3Ry4gLGJ6Z1O3vE1krgXZNrsQ+LFTGHVxVjcXPs17LhbZVGedAJv8XZ1tvj5FvSg==

log4js@^6.5.1:
  version "6.5.2"
  resolved "https://registry.npmjs.org/log4js/-/log4js-6.5.2.tgz#9ae371e5b3cb3a3a209c24686e5547f8670834e5"
  integrity sha512-DXtpNtt+KDOMT7RHUDIur/WsSA3rntlUh9Zg4XCdV42wUuMmbFkl38+LZ92Z5QvQA7mD5kAVkLiBSEH/tvUB8A==
  dependencies:
    date-format "^4.0.10"
    debug "^4.3.4"
    flatted "^3.2.5"
    rfdc "^1.3.0"
    streamroller "^3.1.1"

memory-pager@^1.0.2:
  version "1.5.0"
  resolved "https://registry.npmjs.org/memory-pager/-/memory-pager-1.5.0.tgz#d8751655d22d384682741c972f2c3d6dfa3e66b5"
  integrity sha512-ZS4Bp4r/Zoeq6+NLJpP+0Zzm0pR8whtGPf1XExKLJBAczGMnSi3It14OiNCStjQjM6NU1okjQGSxgEZN8eBYKg==

mime-db@1.52.0:
  version "1.52.0"
  resolved "https://registry.npmjs.org/mime-db/-/mime-db-1.52.0.tgz#bbabcdc02859f4987301c856e3387ce5ec43bf70"
  integrity sha512-sPU4uV7dYlvtWJxwwxHD0PuihVNiE7TyAbQ5SWxDCB9mUYvOgroQOwYQQOKPJ8CIbE+1ETVlOoK1UC2nU3gYvg==

mime-types@^2.1.12:
  version "2.1.35"
  resolved "https://registry.npmjs.org/mime-types/-/mime-types-2.1.35.tgz#381a871b62a734450660ae3deee44813f70d959a"
  integrity sha512-ZDY+bPm5zTTF+YpCrAU9nK0UgICYPT0QtT1NZWFv4s++TNkcgVaT0g6+4R2uI4MjQjzysHB1zxuWL50hzaeXiw==
  dependencies:
    mime-db "1.52.0"

mock-socket@^9.1.5:
  version "9.1.5"
  resolved "https://registry.npmjs.org/mock-socket/-/mock-socket-9.1.5.tgz#2c4e44922ad556843b6dfe09d14ed8041fa2cdeb"
  integrity sha512-3DeNIcsQixWHHKk6NdoBhWI4t1VMj5/HzfnI1rE/pLl5qKx7+gd4DNA07ehTaZ6MoUU053si6Hd+YtiM/tQZfg==

mongodb-connection-string-url@^2.5.2:
  version "2.5.2"
  resolved "https://registry.npmjs.org/mongodb-connection-string-url/-/mongodb-connection-string-url-2.5.2.tgz#f075c8d529e8d3916386018b8a396aed4f16e5ed"
  integrity sha512-tWDyIG8cQlI5k3skB6ywaEA5F9f5OntrKKsT/Lteub2zgwSUlhqEN2inGgBTm8bpYJf8QYBdA/5naz65XDpczA==
  dependencies:
    "@types/whatwg-url" "^8.2.1"
    whatwg-url "^11.0.0"

mongodb@^4.6.0, mongodb@^4.7.0:
  version "4.7.0"
  resolved "https://registry.npmjs.org/mongodb/-/mongodb-4.7.0.tgz#99f7323271d93659067695b60e7b4efee2de9bf0"
  integrity sha512-HhVar6hsUeMAVlIbwQwWtV36iyjKd9qdhY+s4wcU8K6TOj4Q331iiMy+FoPuxEntDIijTYWivwFJkLv8q/ZgvA==
  dependencies:
    bson "^4.6.3"
    denque "^2.0.1"
    mongodb-connection-string-url "^2.5.2"
    socks "^2.6.2"
  optionalDependencies:
    saslprep "^1.0.3"

ms@2.0.0:
  version "2.0.0"
  resolved "https://registry.npmjs.org/ms/-/ms-2.0.0.tgz#5608aeadfc00be6c2901df5f9861788de0d597c8"
  integrity sha512-Tpp60P6IUJDTuOq/5Z8cdskzJujfwqfOTkrwIwj7IRISpnkJnT6SyJ4PCPnGMoFjC9ddhal5KVIYtAt97ix05A==

ms@2.1.2:
  version "2.1.2"
  resolved "https://registry.npmjs.org/ms/-/ms-2.1.2.tgz#d09d1f357b443f493382a8eb3ccd183872ae6009"
  integrity sha512-sGkPx+VjMtmA6MX27oA4FBFELFCZZ4S4XqeGOXCv68tT+jb3vk/RyaKWP0PTKyWtmLSM0b+adUTEvbs1PEaH2w==

next-tick@^1.1.0:
  version "1.1.0"
  resolved "https://registry.npmjs.org/next-tick/-/next-tick-1.1.0.tgz#1836ee30ad56d67ef281b22bd199f709449b35eb"
  integrity sha512-CXdUiJembsNjuToQvxayPZF9Vqht7hewsvy2sOWafLvi2awflj9mOC6bHIg50orX8IJvWKY9wYQ/zB2kogPslQ==

nock@^13.2.8:
  version "13.2.8"
  resolved "https://registry.npmjs.org/nock/-/nock-13.2.8.tgz#e2043ccaa8e285508274575e090a7fe1e46b90f1"
  integrity sha512-JT42FrXfQRpfyL4cnbBEJdf4nmBpVP0yoCcSBr+xkT8Q1y3pgtaCKHGAAOIFcEJ3O3t0QbVAmid0S0f2bj3Wpg==
  dependencies:
    debug "^4.1.0"
    json-stringify-safe "^5.0.1"
    lodash "^4.17.21"
    propagate "^2.0.0"

node-fetch@^2.6.7:
  version "2.6.7"
  resolved "https://registry.npmjs.org/node-fetch/-/node-fetch-2.6.7.tgz#24de9fba827e3b4ae44dc8b20256a379160052ad"
  integrity sha512-ZjMPFEfVx5j+y2yF35Kzx5sF7kDzxuDj6ziH4FFbOp87zKDZNx8yExJIb05OGF4Nlt9IHFIMBkRl41VdvcNdbQ==
  dependencies:
    whatwg-url "^5.0.0"

node-gyp-build@^4.3.0:
  version "4.5.0"
  resolved "https://registry.npmjs.org/node-gyp-build/-/node-gyp-build-4.5.0.tgz#7a64eefa0b21112f89f58379da128ac177f20e40"
  integrity sha512-2iGbaQBV+ITgCz76ZEjmhUKAKVf7xfY1sRl4UiKQspfZMH2h06SyhNsnSVy50cwkFQDGLyif6m/6uFXHkOZ6rg==

pako@^2.0.4:
  version "2.0.4"
  resolved "https://registry.npmjs.org/pako/-/pako-2.0.4.tgz#6cebc4bbb0b6c73b0d5b8d7e8476e2b2fbea576d"
  integrity sha512-v8tweI900AUkZN6heMU/4Uy4cXRc2AYNRggVmTR+dEncawDJgCdLMximOVA2p4qO57WMynangsfGRb5WD6L1Bg==

propagate@^2.0.0:
  version "2.0.1"
  resolved "https://registry.npmjs.org/propagate/-/propagate-2.0.1.tgz#40cdedab18085c792334e64f0ac17256d38f9a45"
  integrity sha512-vGrhOavPSTz4QVNuBNdcNXePNdNMaO1xj9yBeH1ScQPjk/rhg9sSlCXPhMkFuaNNW/syTvYqsnbIJxMBfRbbag==

punycode@^2.1.1:
  version "2.1.1"
  resolved "https://registry.npmjs.org/punycode/-/punycode-2.1.1.tgz#b58b010ac40c22c5657616c8d2c2c02c7bf479ec"
  integrity sha512-XRsRjdf+j5ml+y/6GKHPZbrF/8p2Yga0JPtdqTIY2Xe5ohJPD9saDJJLPvp9+NSBprVvevdXZybnj2cv8OEd0A==

regenerator-runtime@^0.13.4:
  version "0.13.9"
  resolved "https://registry.npmjs.org/regenerator-runtime/-/regenerator-runtime-0.13.9.tgz#8925742a98ffd90814988d7566ad30ca3b263b52"
  integrity sha512-p3VT+cOEgxFsRRA9X4lkI1E+k2/CtnKtU4gcxyaCUreilL/vqI6CdZ3wxVUx3UOUg+gnUOQQcRI7BmSI656MYA==

rfdc@^1.3.0:
  version "1.3.0"
  resolved "https://registry.npmjs.org/rfdc/-/rfdc-1.3.0.tgz#d0b7c441ab2720d05dc4cf26e01c89631d9da08b"
  integrity sha512-V2hovdzFbOi77/WajaSMXk2OLm+xNIeQdMMuB7icj7bk6zi2F8GGAxigcnDFpJHbNyNcgyJDiP+8nOrY5cZGrA==

rxjs@^7.5.5:
  version "7.5.5"
  resolved "https://registry.npmjs.org/rxjs/-/rxjs-7.5.5.tgz#2ebad89af0f560f460ad5cc4213219e1f7dd4e9f"
  integrity sha512-sy+H0pQofO95VDmFLzyaw9xNJU4KTRSwQIGM6+iG3SypAtCiLDzpeG8sJrNCWn2Up9km+KhkvTdbkrdy+yzZdw==
  dependencies:
    tslib "^2.1.0"

saslprep@^1.0.3:
  version "1.0.3"
  resolved "https://registry.npmjs.org/saslprep/-/saslprep-1.0.3.tgz#4c02f946b56cf54297e347ba1093e7acac4cf226"
  integrity sha512-/MY/PEMbk2SuY5sScONwhUDsV2p77Znkb/q3nSVstq/yQzYJOH/Azh29p9oJLsl3LnQwSvZDKagDGBsBwSooag==
  dependencies:
    sparse-bitfield "^3.0.3"

smart-buffer@^4.2.0:
  version "4.2.0"
  resolved "https://registry.npmjs.org/smart-buffer/-/smart-buffer-4.2.0.tgz#6e1d71fa4f18c05f7d0ff216dd16a481d0e8d9ae"
  integrity sha512-94hK0Hh8rPqQl2xXc3HsaBoOXKV20MToPkcXvwbISWLEs+64sBq5kFgn2kJDHb1Pry9yrP0dxrCI9RRci7RXKg==

socks@^2.6.2:
  version "2.6.2"
  resolved "https://registry.npmjs.org/socks/-/socks-2.6.2.tgz#ec042d7960073d40d94268ff3bb727dc685f111a"
  integrity sha512-zDZhHhZRY9PxRruRMR7kMhnf3I8hDs4S3f9RecfnGxvcBHQcKcIH/oUcEWffsfl1XxdYlA7nnlGbbTvPz9D8gA==
  dependencies:
    ip "^1.1.5"
    smart-buffer "^4.2.0"

sparse-bitfield@^3.0.3:
  version "3.0.3"
  resolved "https://registry.npmjs.org/sparse-bitfield/-/sparse-bitfield-3.0.3.tgz#ff4ae6e68656056ba4b3e792ab3334d38273ca11"
  integrity sha512-kvzhi7vqKTfkh0PZU+2D2PIllw2ymqJKujUcyPMd9Y75Nv4nPbGJZXNhxsgdQab2BmlDct1YnfQCguEvHr7VsQ==
  dependencies:
    memory-pager "^1.0.2"

streamroller@^3.1.1:
  version "3.1.1"
  resolved "https://registry.npmjs.org/streamroller/-/streamroller-3.1.1.tgz#679aae10a4703acdf2740755307df0a05ad752e6"
  integrity sha512-iPhtd9unZ6zKdWgMeYGfSBuqCngyJy1B/GPi/lTpwGpa3bajuX30GjUVd0/Tn/Xhg0mr4DOSENozz9Y06qyonQ==
  dependencies:
    date-format "^4.0.10"
    debug "^4.3.4"
    fs-extra "^10.1.0"

tr46@^3.0.0:
  version "3.0.0"
  resolved "https://registry.npmjs.org/tr46/-/tr46-3.0.0.tgz#555c4e297a950617e8eeddef633c87d4d9d6cbf9"
  integrity sha512-l7FvfAHlcmulp8kr+flpQZmVwtu7nfRV7NZujtN0OqES8EL4O4e0qqzL0DC5gAvx/ZC/9lk6rhcUwYvkBnBnYA==
  dependencies:
    punycode "^2.1.1"

tr46@~0.0.3:
  version "0.0.3"
  resolved "https://registry.npmjs.org/tr46/-/tr46-0.0.3.tgz#8184fd347dac9cdc185992f3a6622e14b9d9ab6a"
  integrity sha512-N3WMsuqV66lT30CrXNbEjx4GEwlow3v6rr4mCcv6prnfwhS01rkgyFdjPNBYd9br7LpXV1+Emh01fHnq2Gdgrw==

tslib@^2.1.0:
  version "2.4.0"
  resolved "https://registry.npmjs.org/tslib/-/tslib-2.4.0.tgz#7cecaa7f073ce680a05847aa77be941098f36dc3"
  integrity sha512-d6xOpEDfsi2CZVlPQzGeux8XMwLT9hssAsaPYExaQMuYskwb+x1x7J371tWlbBdWHroy99KnVB6qIkUbs5X3UQ==

tweetnacl@1.x.x, tweetnacl@^1.0.3:
  version "1.0.3"
  resolved "https://registry.npmjs.org/tweetnacl/-/tweetnacl-1.0.3.tgz#ac0af71680458d8a6378d0d0d050ab1407d35596"
  integrity sha512-6rt+RN7aOi1nGMyC4Xa5DdYiukl2UWCbcJft7YhxReBGQD7OAM8Pbxw6YMo4r2diNEA8FEmu32YOn9rhaiE5yw==

type@^1.0.1:
  version "1.2.0"
  resolved "https://registry.npmjs.org/type/-/type-1.2.0.tgz#848dd7698dafa3e54a6c479e759c4bc3f18847a0"
  integrity sha512-+5nt5AAniqsCnu2cEQQdpzCAh33kVx8n0VoFidKpB1dVVLAN/F+bgVOqOJqOnEnrhp222clB5p3vUlD+1QAnfg==

type@^2.5.0:
  version "2.6.0"
  resolved "https://registry.npmjs.org/type/-/type-2.6.0.tgz#3ca6099af5981d36ca86b78442973694278a219f"
  integrity sha512-eiDBDOmkih5pMbo9OqsqPRGMljLodLcwd5XD5JbtNB0o89xZAwynY9EdCDsJU7LtcVCClu9DvM7/0Ep1hYX3EQ==

typedarray-to-buffer@^3.1.5:
  version "3.1.5"
  resolved "https://registry.npmjs.org/typedarray-to-buffer/-/typedarray-to-buffer-3.1.5.tgz#a97ee7a9ff42691b9f783ff1bc5112fe3fca9080"
  integrity sha512-zdu8XMNEDepKKR+XYOXAVPtWui0ly0NtohUscw+UmaHiAWT8hrV1rr//H6V+0DvJ3OQ19S979M0laLfX8rm82Q==
  dependencies:
    is-typedarray "^1.0.0"

universalify@^2.0.0:
  version "2.0.0"
  resolved "https://registry.npmjs.org/universalify/-/universalify-2.0.0.tgz#75a4984efedc4b08975c5aeb73f530d02df25717"
  integrity sha512-hAZsKq7Yy11Zu1DE0OzWjw7nnLZmJZYTDZZyEFHZdUhV8FkH5MCfoU1XMaxXovpyW5nq5scPqq0ZDP9Zyl04oQ==

utf-8-validate@^5.0.2:
  version "5.0.9"
  resolved "https://registry.npmjs.org/utf-8-validate/-/utf-8-validate-5.0.9.tgz#ba16a822fbeedff1a58918f2a6a6b36387493ea3"
  integrity sha512-Yek7dAy0v3Kl0orwMlvi7TPtiCNrdfHNd7Gcc/pLq4BLXqfAmd0J7OWMizUQnTTJsyjKn02mU7anqwfmUP4J8Q==
  dependencies:
    node-gyp-build "^4.3.0"

webidl-conversions@^3.0.0:
  version "3.0.1"
  resolved "https://registry.npmjs.org/webidl-conversions/-/webidl-conversions-3.0.1.tgz#24534275e2a7bc6be7bc86611cc16ae0a5654871"
  integrity sha512-2JAn3z8AR6rjK8Sm8orRC0h/bcl/DqL7tRPdGZ4I1CjdF+EaMLmYxBHyXuKL849eucPFhvBoxMsflfOb8kxaeQ==

webidl-conversions@^7.0.0:
  version "7.0.0"
  resolved "https://registry.npmjs.org/webidl-conversions/-/webidl-conversions-7.0.0.tgz#256b4e1882be7debbf01d05f0aa2039778ea080a"
  integrity sha512-VwddBukDzu71offAQR975unBIGqfKZpM+8ZX6ySk8nYhVoo5CYaZyzt3YBvYtRtO+aoGlqxPg/B87NGVZ/fu6g==

websocket@^1.0.32, websocket@^1.0.34:
  version "1.0.34"
  resolved "https://registry.npmjs.org/websocket/-/websocket-1.0.34.tgz#2bdc2602c08bf2c82253b730655c0ef7dcab3111"
  integrity sha512-PRDso2sGwF6kM75QykIesBijKSVceR6jL2G8NGYyq2XrItNC2P5/qL5XeR056GhA+Ly7JMFvJb9I312mJfmqnQ==
  dependencies:
    bufferutil "^4.0.1"
    debug "^2.2.0"
    es5-ext "^0.10.50"
    typedarray-to-buffer "^3.1.5"
    utf-8-validate "^5.0.2"
    yaeti "^0.0.6"

whatwg-url@^11.0.0:
  version "11.0.0"
  resolved "https://registry.npmjs.org/whatwg-url/-/whatwg-url-11.0.0.tgz#0a849eebb5faf2119b901bb76fd795c2848d4018"
  integrity sha512-RKT8HExMpoYx4igMiVMY83lN6UeITKJlBQ+vR/8ZJ8OCdSiN3RwCq+9gH0+Xzj0+5IrM6i4j/6LuvzbZIQgEcQ==
  dependencies:
    tr46 "^3.0.0"
    webidl-conversions "^7.0.0"

whatwg-url@^5.0.0:
  version "5.0.0"
  resolved "https://registry.npmjs.org/whatwg-url/-/whatwg-url-5.0.0.tgz#966454e8765462e37644d3626f6742ce8b70965d"
  integrity sha512-saE57nupxk6v3HY35+jzBwYa0rKSy0XR8JSxZPwgLr7ys0IBzhGviA1/TUGJLmSVqs8pb9AnvICXEuOHLprYTw==
  dependencies:
    tr46 "~0.0.3"
    webidl-conversions "^3.0.0"

yaeti@^0.0.6:
  version "0.0.6"
  resolved "https://registry.npmjs.org/yaeti/-/yaeti-0.0.6.tgz#f26f484d72684cf42bedfb76970aa1608fbf9577"
  integrity sha512-MvQa//+KcZCUkBTIC9blM+CU9J2GzuTytsOUwf2lidtvkx/6gnEp1QvJv34t9vdjhFmha/mUiNDbN0D0mJWdug==
